
Microsoft Visual Studio Solution File, Format Version 12.00
# Visual Studio Version 16
VisualStudioVersion = 16.0.30320.27
MinimumVisualStudioVersion = 10.0.40219.1
Project("{FAE04EC0-301F-11D3-BF4B-00C04F79EFBC}") = "PasswordManager", "PasswordManager\PasswordManager.csproj", "{11F8CFB9-0EA0-446C-BFBC-7A1555C1C69A}"
EndProject
Global
	GlobalSection(SolutionConfigurationPlatforms) = preSolution
		Debug|Any CPU = Debug|Any CPU
		Release|Any CPU = Release|Any CPU
	EndGlobalSection
	GlobalSection(ProjectConfigurationPlatforms) = postSolution
		{11F8CFB9-0EA0-446C-BFBC-7A1555C1C69A}.Debug|Any CPU.ActiveCfg = Debug|Any CPU
		{11F8CFB9-0EA0-446C-BFBC-7A1555C1C69A}.Debug|Any CPU.Build.0 = Debug|Any CPU
		{11F8CFB9-0EA0-446C-BFBC-7A1555C1C69A}.Release|Any CPU.ActiveCfg = Release|Any CPU
		{11F8CFB9-0EA0-446C-BFBC-7A1555C1C69A}.Release|Any CPU.Build.0 = Release|Any CPU
	EndGlobalSection
	GlobalSection(SolutionProperties) = preSolution
		HideSolutionNode = FALSE
	EndGlobalSection
	GlobalSection(ExtensibilityGlobals) = postSolution
		SolutionGuid = {AA5E34A2-E557-4BF6-BB48-CB23F6433A65}
	EndGlobalSection
EndGlobal
